Microsoft Visual Studio Solution File, Format Version 11.00
# Visual Studio 2008

Project("{DBAA91B7-7454-35D6-325E-6A3DE81D38D5}") = "Death Star Run", "Assembly-CSharp.csproj", "{DF367D5A-6241-ADF4-567F-8DED4EB2ACF4}"
EndProject
Global
	GlobalSection(SolutionConfigurationPlatforms) = preSolution
		Debug|Any CPU = Debug|Any CPU
		Release|Any CPU = Release|Any CPU
	EndGlobalSection
	GlobalSection(ProjectConfigurationPlatforms) = postSolution
		{DF367D5A-6241-ADF4-567F-8DED4EB2ACF4}.Debug|Any CPU.ActiveCfg = Debug|Any CPU
		{DF367D5A-6241-ADF4-567F-8DED4EB2ACF4}.Debug|Any CPU.Build.0 = Debug|Any CPU
		{DF367D5A-6241-ADF4-567F-8DED4EB2ACF4}.Release|Any CPU.ActiveCfg = Release|Any CPU
		{DF367D5A-6241-ADF4-567F-8DED4EB2ACF4}.Release|Any CPU.Build.0 = Release|Any CPU
	EndGlobalSection
	GlobalSection(SolutionProperties) = preSolution
		HideSolutionNode = FALSE
	EndGlobalSection
	GlobalSection(MonoDevelopProperties) = preSolution
		StartupItem = Assembly-CSharp.csproj
	EndGlobalSection
EndGlobal
