Microsoft Visual Studio Solution File, Format Version 11.00
# Visual Studio 2008

Project("{0EA1936C-9872-112C-2976-F36E05682F5F}") = "shipInSpace", "Assembly-CSharp.csproj", "{CEF03AA5-CB19-AA32-F4D5-F2D493036A36}"
EndProject
Global
	GlobalSection(SolutionConfigurationPlatforms) = preSolution
		Debug|Any CPU = Debug|Any CPU
		Release|Any CPU = Release|Any CPU
	EndGlobalSection
	GlobalSection(ProjectConfigurationPlatforms) = postSolution
		{CEF03AA5-CB19-AA32-F4D5-F2D493036A36}.Debug|Any CPU.ActiveCfg = Debug|Any CPU
		{CEF03AA5-CB19-AA32-F4D5-F2D493036A36}.Debug|Any CPU.Build.0 = Debug|Any CPU
		{CEF03AA5-CB19-AA32-F4D5-F2D493036A36}.Release|Any CPU.ActiveCfg = Release|Any CPU
		{CEF03AA5-CB19-AA32-F4D5-F2D493036A36}.Release|Any CPU.Build.0 = Release|Any CPU
	EndGlobalSection
	GlobalSection(SolutionProperties) = preSolution
		HideSolutionNode = FALSE
	EndGlobalSection
	GlobalSection(MonoDevelopProperties) = preSolution
		StartupItem = Assembly-CSharp.csproj
	EndGlobalSection
EndGlobal
